
Microsoft Visual Studio Solution File, Format Version 12.00
# Visual Studio 15
VisualStudioVersion = 15.0.27130.2010
MinimumVisualStudioVersion = 10.0.40219.1
Project("{9A19103F-16F7-4668-BE54-9A1E7A4F7556}") = "Drug", "Drug\Drug.csproj", "{D7E904E1-080E-49AC-80E5-1B263F54DAD2}"
EndProject
Project("{9A19103F-16F7-4668-BE54-9A1E7A4F7556}") = "DrugData", "DrugData\DrugData.csproj", "{20FF4041-735A-4205-9C7C-6B376A0FD3FF}"
EndProject
Global
	GlobalSection(SolutionConfigurationPlatforms) = preSolution
		Debug|Any CPU = Debug|Any CPU
		Release|Any CPU = Release|Any CPU
	EndGlobalSection
	GlobalSection(ProjectConfigurationPlatforms) = postSolution
		{D7E904E1-080E-49AC-80E5-1B263F54DAD2}.Debug|Any CPU.ActiveCfg = Debug|Any CPU
		{D7E904E1-080E-49AC-80E5-1B263F54DAD2}.Debug|Any CPU.Build.0 = Debug|Any CPU
		{D7E904E1-080E-49AC-80E5-1B263F54DAD2}.Release|Any CPU.ActiveCfg = Release|Any CPU
		{D7E904E1-080E-49AC-80E5-1B263F54DAD2}.Release|Any CPU.Build.0 = Release|Any CPU
		{20FF4041-735A-4205-9C7C-6B376A0FD3FF}.Debug|Any CPU.ActiveCfg = Debug|Any CPU
		{20FF4041-735A-4205-9C7C-6B376A0FD3FF}.Debug|Any CPU.Build.0 = Debug|Any CPU
		{20FF4041-735A-4205-9C7C-6B376A0FD3FF}.Release|Any CPU.ActiveCfg = Release|Any CPU
		{20FF4041-735A-4205-9C7C-6B376A0FD3FF}.Release|Any CPU.Build.0 = Release|Any CPU
	EndGlobalSection
	GlobalSection(SolutionProperties) = preSolution
		HideSolutionNode = FALSE
	EndGlobalSection
	GlobalSection(ExtensibilityGlobals) = postSolution
		SolutionGuid = {97AF0530-CC33-4538-A8BF-3D39332BE0FE}
	EndGlobalSection
EndGlobal
